{
  "version": 4,
  "terraform_version": "0.12.6",
  "serial": 74,
  "lineage": "3aa45de5-a45c-90c3-dc9a-4b4122282e93",
  "outputs": {},
  "resources": [
    {
      "mode": "data",
      "type": "aws_internet_gateway",
      "name": "default",
      "provider": "provider.aws",
      "instances": [
        {
          "schema_version": 0,
          "attributes": {
            "attachments": [
              {
                "state": "available",
                "vpc_id": "vpc-0cf6f02e305e95b7e"
              }
            ],
            "filter": [
              {
                "name": "attachment.vpc-id",
                "values": [
                  "vpc-0cf6f02e305e95b7e"
                ]
              }
            ],
            "id": "igw-0e0c1255dac21c7a6",
            "internet_gateway_id": "igw-0e0c1255dac21c7a6",
            "owner_id": "135928476890",
            "tags": {
              "Name": "rs-igw-jenkins-test"
            }
          }
        }
      ]
    },
    {
      "mode": "data",
      "type": "template_file",
      "name": "app_instance",
      "provider": "provider.template",
      "instances": [
        {
          "schema_version": 0,
          "attributes": {
            "filename": null,
            "id": "885be136ace73fdd585a57f22940605ab9ada5f648d5267642623a6c80005f20",
            "rendered": "#!/bin/bash\r\n\r\ncd /home/ubuntu/app\r\n\r\nnpm install\r\n# pm2 start app.js\r\nnpm start\r\n",
            "template": "#!/bin/bash\r\n\r\ncd /home/ubuntu/app\r\n\r\nnpm install\r\n# pm2 start app.js\r\nnpm start\r\n",
            "vars": null
          }
        }
      ]
    },
    {
      "mode": "managed",
      "type": "aws_instance",
      "name": "app_instance",
      "provider": "provider.aws",
      "instances": [
        {
          "schema_version": 1,
          "attributes": {
            "ami": "ami-071dcb7d4a4e7af8c",
            "arn": "arn:aws:ec2:eu-west-1:135928476890:instance/i-037ce22d7e5273c55",
            "associate_public_ip_address": true,
            "availability_zone": "eu-west-1a",
            "cpu_core_count": 1,
            "cpu_threads_per_core": 1,
            "credit_specification": [
              {
                "cpu_credits": "standard"
              }
            ],
            "disable_api_termination": false,
            "ebs_block_device": [],
            "ebs_optimized": false,
            "ephemeral_block_device": [],
            "get_password_data": false,
            "host_id": null,
            "iam_instance_profile": "",
            "id": "i-037ce22d7e5273c55",
            "instance_initiated_shutdown_behavior": null,
            "instance_state": "running",
            "instance_type": "t2.micro",
            "ipv6_address_count": 0,
            "ipv6_addresses": [],
            "key_name": "mile-terraform",
            "monitoring": false,
            "network_interface": [],
            "network_interface_id": null,
            "password_data": "",
            "placement_group": "",
            "primary_network_interface_id": "eni-02c61668b830d2910",
            "private_dns": "ip-10-10-20-224.eu-west-1.compute.internal",
            "private_ip": "10.10.20.224",
            "public_dns": "ec2-3-248-218-224.eu-west-1.compute.amazonaws.com",
            "public_ip": "3.248.218.224",
            "root_block_device": [
              {
                "delete_on_termination": true,
                "encrypted": false,
                "iops": 100,
                "kms_key_id": "",
                "volume_id": "vol-0f43d2d610616a92f",
                "volume_size": 8,
                "volume_type": "gp2"
              }
            ],
            "security_groups": [],
            "source_dest_check": true,
            "subnet_id": "subnet-045224328322970c9",
            "tags": {
              "Name": "miles-destroy_vagrant_style"
            },
            "tenancy": "default",
            "timeouts": null,
            "user_data": "c2de0f86070a77b74b9adb998fc58a23c7756e6c",
            "user_data_base64": null,
            "volume_tags": {},
            "vpc_security_group_ids": [
              "sg-048e67da38ad27e3c"
            ]
          },
          "private": "eyJlMmJmYjczMC1lY2FhLTExZTYtOGY4OC0zNDM2M2JjN2M0YzAiOnsiY3JlYXRlIjo2MDAwMDAwMDAwMDAsImRlbGV0ZSI6MTIwMDAwMDAwMDAwMCwidXBkYXRlIjo2MDAwMDAwMDAwMDB9LCJzY2hlbWFfdmVyc2lvbiI6IjEifQ==",
          "depends_on": [
            "aws_key_pair.deployer",
            "aws_security_group.allow_tls_milo",
            "aws_subnet.my_subnet",
            "data.template_file.app_instance"
          ]
        }
      ]
    },
    {
      "mode": "managed",
      "type": "aws_key_pair",
      "name": "deployer",
      "provider": "provider.aws",
      "instances": [
        {
          "schema_version": 1,
          "attributes": {
            "fingerprint": "4c:91:a9:90:6a:a5:9e:f6:85:0f:ec:ac:c6:81:c6:d2",
            "id": "mile-terraform",
            "key_name": "mile-terraform",
            "key_name_prefix": null,
            "public_key": "ssh-rsa AAAAB3NzaC1yc2EAAAADAQABAAABgQDRUUjRHvn8tH9gtwTnel5WsdbxJOpj+f3LH58GeJA6XDWeskKXQWKQYdf/YPxET1UmBGoTzElIlJe7n13tRNlqlJ6K5eGE3M7TBw0KpYTUiGqGBgYfZbw9Dl+4ucjl+5O5X/CxTUPI67zR4VyNo3pxsGE+u/MLHkHAqOpoKuECVVoIAPh8Npxii/pr5/zuJXSwEMeHNUvS9s8T3Bd/ghD9aEX8HaNkkZleh2BlYvRa0UJ8GV1BkJve1x3Z5mdpk7kjdv9BaI1wJBGtg1YS+MA5LfZXev872TWxG0uYfg0iqpiJTvksm4oYUEXEJMq2l1K+Xbh4OOL8WhtB04X67mtSgvRxfvMmEoBcBqCc2XqhsD9fSA7NbCrYJFqNR5OCZzLWao1LjSZXrEZHnmh4b8rY1fneU32033K3H1MTFBRv9ig9ryUjmrC/qpuuC7urN4MGMXZ07+20TOSXNT4DIvFnA7CHMtI119BM/B3SKu4QVRzUFvHOc8WHvj3eJ3p1Mm8= Miles Eastwood@lt-rich-w74"
          },
          "private": "eyJzY2hlbWFfdmVyc2lvbiI6IjEifQ=="
        }
      ]
    },
    {
      "mode": "managed",
      "type": "aws_route_table",
      "name": "r_miles",
      "provider": "provider.aws",
      "instances": [
        {
          "schema_version": 0,
          "attributes": {
            "id": "rtb-02b03bfec5c2b4533",
            "owner_id": "135928476890",
            "propagating_vgws": [],
            "route": [
              {
                "cidr_block": "212.161.55.68/32",
                "egress_only_gateway_id": "",
                "gateway_id": "igw-0e0c1255dac21c7a6",
                "instance_id": "",
                "ipv6_cidr_block": "",
                "nat_gateway_id": "",
                "network_interface_id": "",
                "transit_gateway_id": "",
                "vpc_peering_connection_id": ""
              }
            ],
            "tags": {
              "Name": "main"
            },
            "vpc_id": "vpc-0cf6f02e305e95b7e"
          },
          "private": "bnVsbA==",
          "depends_on": [
            "data.aws_internet_gateway.default"
          ]
        }
      ]
    },
    {
      "mode": "managed",
      "type": "aws_route_table_association",
      "name": "assoc",
      "provider": "provider.aws",
      "instances": [
        {
          "schema_version": 0,
          "attributes": {
            "id": "rtbassoc-07637e2ba2fa05237",
            "route_table_id": "rtb-02b03bfec5c2b4533",
            "subnet_id": "subnet-045224328322970c9"
          },
          "private": "bnVsbA==",
          "depends_on": [
            "aws_route_table.r_miles",
            "aws_subnet.my_subnet"
          ]
        }
      ]
    },
    {
      "mode": "managed",
      "type": "aws_security_group",
      "name": "allow_tls_milo",
      "provider": "provider.aws",
      "instances": [
        {
          "schema_version": 1,
          "attributes": {
            "arn": "arn:aws:ec2:eu-west-1:135928476890:security-group/sg-048e67da38ad27e3c",
            "description": "Allow TLS inbound traffic",
            "egress": [],
            "id": "sg-048e67da38ad27e3c",
            "ingress": [
              {
                "cidr_blocks": [
                  "0.0.0.0/0"
                ],
                "description": "",
                "from_port": 80,
                "ipv6_cidr_blocks": [],
                "prefix_list_ids": [],
                "protocol": "tcp",
                "security_groups": [],
                "self": false,
                "to_port": 80
              },
              {
                "cidr_blocks": [
                  "0.0.0.0/0"
                ],
                "description": "Use port 3000 to allow access to app",
                "from_port": 3000,
                "ipv6_cidr_blocks": [],
                "prefix_list_ids": [],
                "protocol": "tcp",
                "security_groups": [],
                "self": false,
                "to_port": 3000
              },
              {
                "cidr_blocks": [
                  "212.161.55.68/32"
                ],
                "description": "Use port 22 to ssh into instance only",
                "from_port": 22,
                "ipv6_cidr_blocks": [],
                "prefix_list_ids": [],
                "protocol": "tcp",
                "security_groups": [],
                "self": false,
                "to_port": 22
              }
            ],
            "name": "allow_tls_milo",
            "name_prefix": null,
            "owner_id": "135928476890",
            "revoke_rules_on_delete": false,
            "tags": {},
            "timeouts": null,
            "vpc_id": "vpc-0cf6f02e305e95b7e"
          },
          "private": "eyJlMmJmYjczMC1lY2FhLTExZTYtOGY4OC0zNDM2M2JjN2M0YzAiOnsiY3JlYXRlIjo2MDAwMDAwMDAwMDAsImRlbGV0ZSI6NjAwMDAwMDAwMDAwfSwic2NoZW1hX3ZlcnNpb24iOiIxIn0="
        }
      ]
    },
    {
      "mode": "managed",
      "type": "aws_subnet",
      "name": "my_subnet",
      "provider": "provider.aws",
      "instances": [
        {
          "schema_version": 1,
          "attributes": {
            "arn": "arn:aws:ec2:eu-west-1:135928476890:subnet/subnet-045224328322970c9",
            "assign_ipv6_address_on_creation": false,
            "availability_zone": "eu-west-1a",
            "availability_zone_id": "euw1-az3",
            "cidr_block": "10.10.20.0/24",
            "id": "subnet-045224328322970c9",
            "ipv6_cidr_block": "",
            "ipv6_cidr_block_association_id": "",
            "map_public_ip_on_launch": false,
            "owner_id": "135928476890",
            "tags": {
              "Name": "miles-destroy_vagrant_style"
            },
            "timeouts": null,
            "vpc_id": "vpc-0cf6f02e305e95b7e"
          },
          "private": "eyJlMmJmYjczMC1lY2FhLTExZTYtOGY4OC0zNDM2M2JjN2M0YzAiOnsiY3JlYXRlIjo2MDAwMDAwMDAwMDAsImRlbGV0ZSI6MTIwMDAwMDAwMDAwMH0sInNjaGVtYV92ZXJzaW9uIjoiMSJ9"
        }
      ]
    }
  ]
}
